
Microsoft Visual Studio Solution File, Format Version 12.00
# Visual Studio Version 16
VisualStudioVersion = 16.0.31112.23
MinimumVisualStudioVersion = 10.0.40219.1
Project("{FAE04EC0-301F-11D3-BF4B-00C04F79EFBC}") = "CeruleanApp", "CeruleanApp.csproj", "{883C631A-F4C6-4B86-A90F-06D1FBC7B00B}"
EndProject
Global
	GlobalSection(SolutionConfigurationPlatforms) = preSolution
		Debug|Any CPU = Debug|Any CPU
		Release|Any CPU = Release|Any CPU
	EndGlobalSection
	GlobalSection(ProjectConfigurationPlatforms) = postSolution
		{883C631A-F4C6-4B86-A90F-06D1FBC7B00B}.Debug|Any CPU.ActiveCfg = Debug|Any CPU
		{883C631A-F4C6-4B86-A90F-06D1FBC7B00B}.Debug|Any CPU.Build.0 = Debug|Any CPU
		{883C631A-F4C6-4B86-A90F-06D1FBC7B00B}.Release|Any CPU.ActiveCfg = Release|Any CPU
		{883C631A-F4C6-4B86-A90F-06D1FBC7B00B}.Release|Any CPU.Build.0 = Release|Any CPU
	EndGlobalSection
	GlobalSection(SolutionProperties) = preSolution
		HideSolutionNode = FALSE
	EndGlobalSection
	GlobalSection(ExtensibilityGlobals) = postSolution
		SolutionGuid = {934809AB-58BB-488C-A67E-7065D1C8AA36}
	EndGlobalSection
EndGlobal
